
Microsoft Visual Studio Solution File, Format Version 12.00
# Visual Studio 15
Project("{FAE04EC0-301F-11D3-BF4B-00C04F79EFBC}") = "Assembly-CSharp", "Assembly-CSharp.csproj", "{51F51BE8-F3AB-08B3-2755-E2697FC8AD96}"
EndProject
Project("{FAE04EC0-301F-11D3-BF4B-00C04F79EFBC}") = "Assembly-CSharp-firstpass", "Assembly-CSharp-firstpass.csproj", "{8B9F35CF-94D9-4283-5433-FAD618B71273}"
EndProject
Project("{FAE04EC0-301F-11D3-BF4B-00C04F79EFBC}") = "Assembly-CSharp-Editor", "Assembly-CSharp-Editor.csproj", "{DAD27157-086A-EC45-C9D2-4C915E76FC15}"
EndProject
Project("{FAE04EC0-301F-11D3-BF4B-00C04F79EFBC}") = "Assembly-CSharp-Editor-firstpass", "Assembly-CSharp-Editor-firstpass.csproj", "{00886766-B159-B642-0065-B7173A1B93D6}"
EndProject
Global
	GlobalSection(SolutionConfigurationPlatforms) = preSolution
		Debug|Any CPU = Debug|Any CPU
		Release|Any CPU = Release|Any CPU
	EndGlobalSection
	GlobalSection(ProjectConfigurationPlatforms) = postSolution
		{51F51BE8-F3AB-08B3-2755-E2697FC8AD96}.Debug|Any CPU.ActiveCfg = Debug|Any CPU
		{51F51BE8-F3AB-08B3-2755-E2697FC8AD96}.Debug|Any CPU.Build.0 = Debug|Any CPU
		{51F51BE8-F3AB-08B3-2755-E2697FC8AD96}.Release|Any CPU.ActiveCfg = Release|Any CPU
		{51F51BE8-F3AB-08B3-2755-E2697FC8AD96}.Release|Any CPU.Build.0 = Release|Any CPU
		{8B9F35CF-94D9-4283-5433-FAD618B71273}.Debug|Any CPU.ActiveCfg = Debug|Any CPU
		{8B9F35CF-94D9-4283-5433-FAD618B71273}.Debug|Any CPU.Build.0 = Debug|Any CPU
		{8B9F35CF-94D9-4283-5433-FAD618B71273}.Release|Any CPU.ActiveCfg = Release|Any CPU
		{8B9F35CF-94D9-4283-5433-FAD618B71273}.Release|Any CPU.Build.0 = Release|Any CPU
		{DAD27157-086A-EC45-C9D2-4C915E76FC15}.Debug|Any CPU.ActiveCfg = Debug|Any CPU
		{DAD27157-086A-EC45-C9D2-4C915E76FC15}.Debug|Any CPU.Build.0 = Debug|Any CPU
		{DAD27157-086A-EC45-C9D2-4C915E76FC15}.Release|Any CPU.ActiveCfg = Release|Any CPU
		{DAD27157-086A-EC45-C9D2-4C915E76FC15}.Release|Any CPU.Build.0 = Release|Any CPU
		{00886766-B159-B642-0065-B7173A1B93D6}.Debug|Any CPU.ActiveCfg = Debug|Any CPU
		{00886766-B159-B642-0065-B7173A1B93D6}.Debug|Any CPU.Build.0 = Debug|Any CPU
		{00886766-B159-B642-0065-B7173A1B93D6}.Release|Any CPU.ActiveCfg = Release|Any CPU
		{00886766-B159-B642-0065-B7173A1B93D6}.Release|Any CPU.Build.0 = Release|Any CPU
	EndGlobalSection
	GlobalSection(SolutionProperties) = preSolution
		HideSolutionNode = FALSE
	EndGlobalSection
EndGlobal
